
Microsoft Visual Studio Solution File, Format Version 12.00
# Visual Studio 15
VisualStudioVersion = 15.0.28307.421
MinimumVisualStudioVersion = 10.0.40219.1
Project("{FAE04EC0-301F-11D3-BF4B-00C04F79EFBC}") = "LatihanClass", "LatihanClass\LatihanClass.csproj", "{D152D34E-AAC8-48F9-8D12-1AA5473BAE8A}"
EndProject
Global
	GlobalSection(SolutionConfigurationPlatforms) = preSolution
		Debug|Any CPU = Debug|Any CPU
		Release|Any CPU = Release|Any CPU
	EndGlobalSection
	GlobalSection(ProjectConfigurationPlatforms) = postSolution
		{D152D34E-AAC8-48F9-8D12-1AA5473BAE8A}.Debug|Any CPU.ActiveCfg = Debug|Any CPU
		{D152D34E-AAC8-48F9-8D12-1AA5473BAE8A}.Debug|Any CPU.Build.0 = Debug|Any CPU
		{D152D34E-AAC8-48F9-8D12-1AA5473BAE8A}.Release|Any CPU.ActiveCfg = Release|Any CPU
		{D152D34E-AAC8-48F9-8D12-1AA5473BAE8A}.Release|Any CPU.Build.0 = Release|Any CPU
	EndGlobalSection
	GlobalSection(SolutionProperties) = preSolution
		HideSolutionNode = FALSE
	EndGlobalSection
	GlobalSection(ExtensibilityGlobals) = postSolution
		SolutionGuid = {AD2BEE9C-5570-4B06-925F-2272BBCAF9A9}
	EndGlobalSection
EndGlobal
